// !$*UTF8*$!
{
	archiveVersion = 1;
	classes = {
	};
	objectVersion = 70;
	objects = {

/* Begin PBXBuildFile section */
		25379C8A2E302BD400B99FF0 /* SettingsViewModel.swift in Sources */ = {isa = PBXBuildFile; fileRef = 25379C892E302BD400B99FF0 /* SettingsViewModel.swift */; };
		25379C8C2E302BE900B99FF0 /* SettingsView.swift in Sources */ = {isa = PBXBuildFile; fileRef = 25379C8B2E302BE900B99FF0 /* SettingsView.swift */; };
		25E05F342E3005A300034AE8 /* TaskView.swift in Sources */ = {isa = PBXBuildFile; fileRef = 25E05F332E3005A300034AE8 /* TaskView.swift */; };
		25E05F362E3005D400034AE8 /* EventModal.swift in Sources */ = {isa = PBXBuildFile; fileRef = 25E05F352E3005D400034AE8 /* EventModal.swift */; };
		25E05F4F2E3007AD00034AE8 /* CalendarTask.swift in Sources */ = {isa = PBXBuildFile; fileRef = 25E05F4E2E3007AD00034AE8 /* CalendarTask.swift */; };
		25E05F532E30092C00034AE8 /* CalendarTaskStore.swift in Sources */ = {isa = PBXBuildFile; fileRef = 25E05F522E30092C00034AE8 /* CalendarTaskStore.swift */; };
		25E05F592E300ADE00034AE8 /* CalendarTaskListView.swift in Sources */ = {isa = PBXBuildFile; fileRef = 25E05F582E300ADE00034AE8 /* CalendarTaskListView.swift */; };
		25E05F5B2E300B5200034AE8 /* CalendarView.swift in Sources */ = {isa = PBXBuildFile; fileRef = 25E05F5A2E300B5200034AE8 /* CalendarView.swift */; };
		3E8056F52E2FD0FE000C26C6 /* LaunchScreen.storyboard in Resources */ = {isa = PBXBuildFile; fileRef = 3E8056F42E2FD0FE000C26C6 /* LaunchScreen.storyboard */; };
		3E8E5A402E27E5EE00AA0653 /* TodoListAppApp.swift in Sources */ = {isa = PBXBuildFile; fileRef = 3E8E5A3F2E27E5EE00AA0653 /* TodoListAppApp.swift */; };
		3E8E5A442E27E5F100AA0653 /* Assets.xcassets in Resources */ = {isa = PBXBuildFile; fileRef = 3E8E5A432E27E5F100AA0653 /* Assets.xcassets */; };
		3E8E5A472E27E5F100AA0653 /* Preview Assets.xcassets in Resources */ = {isa = PBXBuildFile; fileRef = 3E8E5A462E27E5F100AA0653 /* Preview Assets.xcassets */; };
		3E8E5A512E27E5F200AA0653 /* TodoListAppTests.swift in Sources */ = {isa = PBXBuildFile; fileRef = 3E8E5A502E27E5F200AA0653 /* TodoListAppTests.swift */; };
		3E8E5A5B2E27E5F200AA0653 /* TodoListAppUITests.swift in Sources */ = {isa = PBXBuildFile; fileRef = 3E8E5A5A2E27E5F200AA0653 /* TodoListAppUITests.swift */; };
		3E8E5A5D2E27E5F200AA0653 /* TodoListAppUITestsLaunchTests.swift in Sources */ = {isa = PBXBuildFile; fileRef = 3E8E5A5C2E27E5F200AA0653 /* TodoListAppUITestsLaunchTests.swift */; };
		3E8E5A6B2E27E60B00AA0653 /* ListView.swift in Sources */ = {isa = PBXBuildFile; fileRef = 3E8E5A6A2E27E60B00AA0653 /* ListView.swift */; };
		3E8E5A6D2E27EA9700AA0653 /* ListRowView.swift in Sources */ = {isa = PBXBuildFile; fileRef = 3E8E5A6C2E27EA9700AA0653 /* ListRowView.swift */; };
		3E8E5A6F2E27EF0F00AA0653 /* AddView.swift in Sources */ = {isa = PBXBuildFile; fileRef = 3E8E5A6E2E27EF0F00AA0653 /* AddView.swift */; };
		3E8E5A752E2897AB00AA0653 /* ItemModel.swift in Sources */ = {isa = PBXBuildFile; fileRef = 3E8E5A742E2897AB00AA0653 /* ItemModel.swift */; };
		3E8E5A782E2939D000AA0653 /* ListViewModel.swift in Sources */ = {isa = PBXBuildFile; fileRef = 3E8E5A772E2939CF00AA0653 /* ListViewModel.swift */; };
		3E8E5AEC2E2EB07D00AA0653 /* NoItemsView.swift in Sources */ = {isa = PBXBuildFile; fileRef = 3E8E5AEB2E2EB07D00AA0653 /* NoItemsView.swift */; };
/* End PBXBuildFile section */

/* Begin PBXContainerItemProxy section */
		3E8E5A4D2E27E5F200AA0653 /* PBXContainerItemProxy */ = {
			isa = PBXContainerItemProxy;
			containerPortal = 3E8E5A342E27E5EE00AA0653 /* Project object */;
			proxyType = 1;
			remoteGlobalIDString = 3E8E5A3B2E27E5EE00AA0653;
			remoteInfo = TodoListApp;
		};
		3E8E5A572E27E5F200AA0653 /* PBXContainerItemProxy */ = {
			isa = PBXContainerItemProxy;
			containerPortal = 3E8E5A342E27E5EE00AA0653 /* Project object */;
			proxyType = 1;
			remoteGlobalIDString = 3E8E5A3B2E27E5EE00AA0653;
			remoteInfo = TodoListApp;
		};
/* End PBXContainerItemProxy section */

/* Begin PBXFileReference section */
		25379C892E302BD400B99FF0 /* SettingsViewModel.swift */ = {isa = PBXFileReference; lastKnownFileType = sourcecode.swift; path = SettingsViewModel.swift; sourceTree = "<group>"; };
		25379C8B2E302BE900B99FF0 /* SettingsView.swift */ = {isa = PBXFileReference; lastKnownFileType = sourcecode.swift; path = SettingsView.swift; sourceTree = "<group>"; };
		25E05F332E3005A300034AE8 /* TaskView.swift */ = {isa = PBXFileReference; lastKnownFileType = sourcecode.swift; path = TaskView.swift; sourceTree = "<group>"; };
		25E05F352E3005D400034AE8 /* EventModal.swift */ = {isa = PBXFileReference; lastKnownFileType = sourcecode.swift; path = EventModal.swift; sourceTree = "<group>"; };
		25E05F4E2E3007AD00034AE8 /* CalendarTask.swift */ = {isa = PBXFileReference; lastKnownFileType = sourcecode.swift; path = CalendarTask.swift; sourceTree = "<group>"; };
		25E05F522E30092C00034AE8 /* CalendarTaskStore.swift */ = {isa = PBXFileReference; lastKnownFileType = sourcecode.swift; path = CalendarTaskStore.swift; sourceTree = "<group>"; };
		25E05F582E300ADE00034AE8 /* CalendarTaskListView.swift */ = {isa = PBXFileReference; lastKnownFileType = sourcecode.swift; path = CalendarTaskListView.swift; sourceTree = "<group>"; };
		25E05F5A2E300B5200034AE8 /* CalendarView.swift */ = {isa = PBXFileReference; lastKnownFileType = sourcecode.swift; path = CalendarView.swift; sourceTree = "<group>"; };
		3E8056F42E2FD0FE000C26C6 /* LaunchScreen.storyboard */ = {isa = PBXFileReference; lastKnownFileType = file.storyboard; path = LaunchScreen.storyboard; sourceTree = "<group>"; };
		3E8E5A3C2E27E5EE00AA0653 /* TodoListApp.app */ = {isa = PBXFileReference; explicitFileType = wrapper.application; includeInIndex = 0; path = TodoListApp.app; sourceTree = BUILT_PRODUCTS_DIR; };
		3E8E5A3F2E27E5EE00AA0653 /* TodoListAppApp.swift */ = {isa = PBXFileReference; lastKnownFileType = sourcecode.swift; path = TodoListAppApp.swift; sourceTree = "<group>"; };
		3E8E5A432E27E5F100AA0653 /* Assets.xcassets */ = {isa = PBXFileReference; lastKnownFileType = folder.assetcatalog; path = Assets.xcassets; sourceTree = "<group>"; };
		3E8E5A462E27E5F100AA0653 /* Preview Assets.xcassets */ = {isa = PBXFileReference; lastKnownFileType = folder.assetcatalog; path = "Preview Assets.xcassets"; sourceTree = "<group>"; };
		3E8E5A4C2E27E5F200AA0653 /* TodoListAppTests.xctest */ = {isa = PBXFileReference; explicitFileType = wrapper.cfbundle; includeInIndex = 0; path = TodoListAppTests.xctest; sourceTree = BUILT_PRODUCTS_DIR; };
		3E8E5A502E27E5F200AA0653 /* TodoListAppTests.swift */ = {isa = PBXFileReference; lastKnownFileType = sourcecode.swift; path = TodoListAppTests.swift; sourceTree = "<group>"; };
		3E8E5A562E27E5F200AA0653 /* TodoListAppUITests.xctest */ = {isa = PBXFileReference; explicitFileType = wrapper.cfbundle; includeInIndex = 0; path = TodoListAppUITests.xctest; sourceTree = BUILT_PRODUCTS_DIR; };
		3E8E5A5A2E27E5F200AA0653 /* TodoListAppUITests.swift */ = {isa = PBXFileReference; lastKnownFileType = sourcecode.swift; path = TodoListAppUITests.swift; sourceTree = "<group>"; };
		3E8E5A5C2E27E5F200AA0653 /* TodoListAppUITestsLaunchTests.swift */ = {isa = PBXFileReference; lastKnownFileType = sourcecode.swift; path = TodoListAppUITestsLaunchTests.swift; sourceTree = "<group>"; };
		3E8E5A6A2E27E60B00AA0653 /* ListView.swift */ = {isa = PBXFileReference; lastKnownFileType = sourcecode.swift; path = ListView.swift; sourceTree = "<group>"; };
		3E8E5A6C2E27EA9700AA0653 /* ListRowView.swift */ = {isa = PBXFileReference; lastKnownFileType = sourcecode.swift; path = ListRowView.swift; sourceTree = "<group>"; };
		3E8E5A6E2E27EF0F00AA0653 /* AddView.swift */ = {isa = PBXFileReference; lastKnownFileType = sourcecode.swift; path = AddView.swift; sourceTree = "<group>"; };
		3E8E5A742E2897AB00AA0653 /* ItemModel.swift */ = {isa = PBXFileReference; lastKnownFileType = sourcecode.swift; path = ItemModel.swift; sourceTree = "<group>"; };
		3E8E5A772E2939CF00AA0653 /* ListViewModel.swift */ = {isa = PBXFileReference; lastKnownFileType = sourcecode.swift; path = ListViewModel.swift; sourceTree = "<group>"; };
		3E8E5AEB2E2EB07D00AA0653 /* NoItemsView.swift */ = {isa = PBXFileReference; lastKnownFileType = sourcecode.swift; path = NoItemsView.swift; sourceTree = "<group>"; };
/* End PBXFileReference section */

/* Begin PBXFileSystemSynchronizedRootGroup section */
		25E05F542E30095200034AE8 /* Colours */ = {isa = PBXFileSystemSynchronizedRootGroup; explicitFileTypes = {}; explicitFolders = (); path = Colours; sourceTree = "<group>"; };
/* End PBXFileSystemSynchronizedRootGroup section */

/* Begin PBXFrameworksBuildPhase section */
		3E8E5A392E27E5EE00AA0653 /* Frameworks */ = {
			isa = PBXFrameworksBuildPhase;
			buildActionMask = 2147483647;
			files = (
			);
			runOnlyForDeploymentPostprocessing = 0;
		};
		3E8E5A492E27E5F200AA0653 /* Frameworks */ = {
			isa = PBXFrameworksBuildPhase;
			buildActionMask = 2147483647;
			files = (
			);
			runOnlyForDeploymentPostprocessing = 0;
		};
		3E8E5A532E27E5F200AA0653 /* Frameworks */ = {
			isa = PBXFrameworksBuildPhase;
			buildActionMask = 2147483647;
			files = (
			);
			runOnlyForDeploymentPostprocessing = 0;
		};
/* End PBXFrameworksBuildPhase section */

/* Begin PBXGroup section */
		3E8E5A332E27E5EE00AA0653 = {
			isa = PBXGroup;
			children = (
				3E8E5A3E2E27E5EE00AA0653 /* TodoListApp */,
				3E8E5A4F2E27E5F200AA0653 /* TodoListAppTests */,
				3E8E5A592E27E5F200AA0653 /* TodoListAppUITests */,
				25E05F542E30095200034AE8 /* Colours */,
				3E8E5A3D2E27E5EE00AA0653 /* Products */,
			);
			sourceTree = "<group>";
		};
		3E8E5A3D2E27E5EE00AA0653 /* Products */ = {
			isa = PBXGroup;
			children = (
				3E8E5A3C2E27E5EE00AA0653 /* TodoListApp.app */,
				3E8E5A4C2E27E5F200AA0653 /* TodoListAppTests.xctest */,
				3E8E5A562E27E5F200AA0653 /* TodoListAppUITests.xctest */,
			);
			name = Products;
			sourceTree = "<group>";
		};
		3E8E5A3E2E27E5EE00AA0653 /* TodoListApp */ = {
			isa = PBXGroup;
			children = (
				3E8E5A3F2E27E5EE00AA0653 /* TodoListAppApp.swift */,
				3E8E5A762E2939B400AA0653 /* ViewModels */,
				3E8E5A712E28975F00AA0653 /* Models */,
				3E8E5A692E27E5F800AA0653 /* Views */,
				3E8E5A432E27E5F100AA0653 /* Assets.xcassets */,
				3E8E5A452E27E5F100AA0653 /* Preview Content */,
			);
			path = TodoListApp;
			sourceTree = "<group>";
		};
		3E8E5A452E27E5F100AA0653 /* Preview Content */ = {
			isa = PBXGroup;
			children = (
				3E8E5A462E27E5F100AA0653 /* Preview Assets.xcassets */,
			);
			path = "Preview Content";
			sourceTree = "<group>";
		};
		3E8E5A4F2E27E5F200AA0653 /* TodoListAppTests */ = {
			isa = PBXGroup;
			children = (
				3E8E5A502E27E5F200AA0653 /* TodoListAppTests.swift */,
			);
			path = TodoListAppTests;
			sourceTree = "<group>";
		};
		3E8E5A592E27E5F200AA0653 /* TodoListAppUITests */ = {
			isa = PBXGroup;
			children = (
				3E8E5A5A2E27E5F200AA0653 /* TodoListAppUITests.swift */,
				3E8E5A5C2E27E5F200AA0653 /* TodoListAppUITestsLaunchTests.swift */,
			);
			path = TodoListAppUITests;
			sourceTree = "<group>";
		};
		3E8E5A692E27E5F800AA0653 /* Views */ = {
			isa = PBXGroup;
			children = (
				3E8E5A6A2E27E60B00AA0653 /* ListView.swift */,
				3E8E5AEB2E2EB07D00AA0653 /* NoItemsView.swift */,
				25E05F5A2E300B5200034AE8 /* CalendarView.swift */,
				3E8E5A6C2E27EA9700AA0653 /* ListRowView.swift */,
				3E8E5A6E2E27EF0F00AA0653 /* AddView.swift */,
				3E8056F42E2FD0FE000C26C6 /* LaunchScreen.storyboard */,
				25E05F582E300ADE00034AE8 /* CalendarTaskListView.swift */,
				25E05F332E3005A300034AE8 /* TaskView.swift */,
				25379C8B2E302BE900B99FF0 /* SettingsView.swift */,
			);
			path = Views;
			sourceTree = "<group>";
		};
		3E8E5A712E28975F00AA0653 /* Models */ = {
			isa = PBXGroup;
			children = (
				3E8E5A742E2897AB00AA0653 /* ItemModel.swift */,
				25E05F352E3005D400034AE8 /* EventModal.swift */,
				25E05F4E2E3007AD00034AE8 /* CalendarTask.swift */,
				25E05F522E30092C00034AE8 /* CalendarTaskStore.swift */,
				25379C892E302BD400B99FF0 /* SettingsViewModel.swift */,
			);
			path = Models;
			sourceTree = "<group>";
		};
		3E8E5A762E2939B400AA0653 /* ViewModels */ = {
			isa = PBXGroup;
			children = (
				3E8E5A772E2939CF00AA0653 /* ListViewModel.swift */,
			);
			path = ViewModels;
			sourceTree = "<group>";
		};
/* End PBXGroup section */

/* Begin PBXNativeTarget section */
		3E8E5A3B2E27E5EE00AA0653 /* TodoListApp */ = {
			isa = PBXNativeTarget;
			buildConfigurationList = 3E8E5A602E27E5F200AA0653 /* Build configuration list for PBXNativeTarget "TodoListApp" */;
			buildPhases = (
				3E8E5A382E27E5EE00AA0653 /* Sources */,
				3E8E5A392E27E5EE00AA0653 /* Frameworks */,
				3E8E5A3A2E27E5EE00AA0653 /* Resources */,
			);
			buildRules = (
			);
			dependencies = (
			);
			fileSystemSynchronizedGroups = (
				25E05F542E30095200034AE8 /* Colours */,
			);
			name = TodoListApp;
			productName = TodoListApp;
			productReference = 3E8E5A3C2E27E5EE00AA0653 /* TodoListApp.app */;
			productType = "com.apple.product-type.application";
		};
		3E8E5A4B2E27E5F200AA0653 /* TodoListAppTests */ = {
			isa = PBXNativeTarget;
			buildConfigurationList = 3E8E5A632E27E5F200AA0653 /* Build configuration list for PBXNativeTarget "TodoListAppTests" */;
			buildPhases = (
				3E8E5A482E27E5F200AA0653 /* Sources */,
				3E8E5A492E27E5F200AA0653 /* Frameworks */,
				3E8E5A4A2E27E5F200AA0653 /* Resources */,
			);
			buildRules = (
			);
			dependencies = (
				3E8E5A4E2E27E5F200AA0653 /* PBXTargetDependency */,
			);
			name = TodoListAppTests;
			productName = TodoListAppTests;
			productReference = 3E8E5A4C2E27E5F200AA0653 /* TodoListAppTests.xctest */;
			productType = "com.apple.product-type.bundle.unit-test";
		};
		3E8E5A552E27E5F200AA0653 /* TodoListAppUITests */ = {
			isa = PBXNativeTarget;
			buildConfigurationList = 3E8E5A662E27E5F200AA0653 /* Build configuration list for PBXNativeTarget "TodoListAppUITests" */;
			buildPhases = (
				3E8E5A522E27E5F200AA0653 /* Sources */,
				3E8E5A532E27E5F200AA0653 /* Frameworks */,
				3E8E5A542E27E5F200AA0653 /* Resources */,
			);
			buildRules = (
			);
			dependencies = (
				3E8E5A582E27E5F200AA0653 /* PBXTargetDependency */,
			);
			name = TodoListAppUITests;
			productName = TodoListAppUITests;
			productReference = 3E8E5A562E27E5F200AA0653 /* TodoListAppUITests.xctest */;
			productType = "com.apple.product-type.bundle.ui-testing";
		};
/* End PBXNativeTarget section */

/* Begin PBXProject section */
		3E8E5A342E27E5EE00AA0653 /* Project object */ = {
			isa = PBXProject;
			attributes = {
				BuildIndependentTargetsInParallel = 1;
				LastSwiftUpdateCheck = 1540;
				LastUpgradeCheck = 1540;
				TargetAttributes = {
					3E8E5A3B2E27E5EE00AA0653 = {
						CreatedOnToolsVersion = 15.4;
					};
					3E8E5A4B2E27E5F200AA0653 = {
						CreatedOnToolsVersion = 15.4;
						TestTargetID = 3E8E5A3B2E27E5EE00AA0653;
					};
					3E8E5A552E27E5F200AA0653 = {
						CreatedOnToolsVersion = 15.4;
						TestTargetID = 3E8E5A3B2E27E5EE00AA0653;
					};
				};
			};
			buildConfigurationList = 3E8E5A372E27E5EE00AA0653 /* Build configuration list for PBXProject "TodoListApp" */;
			compatibilityVersion = "Xcode 14.0";
			developmentRegion = en;
			hasScannedForEncodings = 0;
			knownRegions = (
				en,
				Base,
			);
			mainGroup = 3E8E5A332E27E5EE00AA0653;
			productRefGroup = 3E8E5A3D2E27E5EE00AA0653 /* Products */;
			projectDirPath = "";
			projectRoot = "";
			targets = (
				3E8E5A3B2E27E5EE00AA0653 /* TodoListApp */,
				3E8E5A4B2E27E5F200AA0653 /* TodoListAppTests */,
				3E8E5A552E27E5F200AA0653 /* TodoListAppUITests */,
			);
		};
/* End PBXProject section */

/* Begin PBXResourcesBuildPhase section */
		3E8E5A3A2E27E5EE00AA0653 /* Resources */ = {
			isa = PBXResourcesBuildPhase;
			buildActionMask = 2147483647;
			files = (
				3E8056F52E2FD0FE000C26C6 /* LaunchScreen.storyboard in Resources */,
				3E8E5A472E27E5F100AA0653 /* Preview Assets.xcassets in Resources */,
				3E8E5A442E27E5F100AA0653 /* Assets.xcassets in Resources */,
			);
			runOnlyForDeploymentPostprocessing = 0;
		};
		3E8E5A4A2E27E5F200AA0653 /* Resources */ = {
			isa = PBXResourcesBuildPhase;
			buildActionMask = 2147483647;
			files = (
			);
			runOnlyForDeploymentPostprocessing = 0;
		};
		3E8E5A542E27E5F200AA0653 /* Resources */ = {
			isa = PBXResourcesBuildPhase;
			buildActionMask = 2147483647;
			files = (
			);
			runOnlyForDeploymentPostprocessing = 0;
		};
/* End PBXResourcesBuildPhase section */

/* Begin PBXSourcesBuildPhase section */
		3E8E5A382E27E5EE00AA0653 /* Sources */ = {
			isa = PBXSourcesBuildPhase;
			buildActionMask = 2147483647;
			files = (
				3E8E5A752E2897AB00AA0653 /* ItemModel.swift in Sources */,
				25E05F362E3005D400034AE8 /* EventModal.swift in Sources */,
				3E8E5A6F2E27EF0F00AA0653 /* AddView.swift in Sources */,
				25E05F342E3005A300034AE8 /* TaskView.swift in Sources */,
				25E05F4F2E3007AD00034AE8 /* CalendarTask.swift in Sources */,
				25379C8A2E302BD400B99FF0 /* SettingsViewModel.swift in Sources */,
				3E8E5A782E2939D000AA0653 /* ListViewModel.swift in Sources */,
				3E8E5A402E27E5EE00AA0653 /* TodoListAppApp.swift in Sources */,
				25E05F5B2E300B5200034AE8 /* CalendarView.swift in Sources */,
				25379C8C2E302BE900B99FF0 /* SettingsView.swift in Sources */,
				3E8E5A6B2E27E60B00AA0653 /* ListView.swift in Sources */,
				25E05F532E30092C00034AE8 /* CalendarTaskStore.swift in Sources */,
				25E05F592E300ADE00034AE8 /* CalendarTaskListView.swift in Sources */,
				3E8E5AEC2E2EB07D00AA0653 /* NoItemsView.swift in Sources */,
				3E8E5A6D2E27EA9700AA0653 /* ListRowView.swift in Sources */,
			);
			runOnlyForDeploymentPostprocessing = 0;
		};
		3E8E5A482E27E5F200AA0653 /* Sources */ = {
			isa = PBXSourcesBuildPhase;
			buildActionMask = 2147483647;
			files = (
				3E8E5A512E27E5F200AA0653 /* TodoListAppTests.swift in Sources */,
			);
			runOnlyForDeploymentPostprocessing = 0;
		};
		3E8E5A522E27E5F200AA0653 /* Sources */ = {
			isa = PBXSourcesBuildPhase;
			buildActionMask = 2147483647;
			files = (
				3E8E5A5D2E27E5F200AA0653 /* TodoListAppUITestsLaunchTests.swift in Sources */,
				3E8E5A5B2E27E5F200AA0653 /* TodoListAppUITests.swift in Sources */,
			);
			runOnlyForDeploymentPostprocessing = 0;
		};
/* End PBXSourcesBuildPhase section */

/* Begin PBXTargetDependency section */
		3E8E5A4E2E27E5F200AA0653 /* PBXTargetDependency */ = {
			isa = PBXTargetDependency;
			target = 3E8E5A3B2E27E5EE00AA0653 /* TodoListApp */;
			targetProxy = 3E8E5A4D2E27E5F200AA0653 /* PBXContainerItemProxy */;
		};
		3E8E5A582E27E5F200AA0653 /* PBXTargetDependency */ = {
			isa = PBXTargetDependency;
			target = 3E8E5A3B2E27E5EE00AA0653 /* TodoListApp */;
			targetProxy = 3E8E5A572E27E5F200AA0653 /* PBXContainerItemProxy */;
		};
/* End PBXTargetDependency section */

/* Begin XCBuildConfiguration section */
		3E8E5A5E2E27E5F200AA0653 /* Debug */ = {
			isa = XCBuildConfiguration;
			buildSettings = {
				ALWAYS_SEARCH_USER_PATHS = NO;
				ASSETCATALOG_COMPILER_GENERATE_SWIFT_ASSET_SYMBOL_EXTENSIONS = YES;
				CLANG_ANALYZER_NONNULL = YES;
				CLANG_ANALYZER_NUMBER_OBJECT_CONVERSION = YES_AGGRESSIVE;
				CLANG_CXX_LANGUAGE_STANDARD = "gnu++20";
				CLANG_ENABLE_MODULES = YES;
				CLANG_ENABLE_OBJC_ARC = YES;
				CLANG_ENABLE_OBJC_WEAK = YES;
				CLANG_WARN_BLOCK_CAPTURE_AUTORELEASING = YES;
				CLANG_WARN_BOOL_CONVERSION = YES;
				CLANG_WARN_COMMA = YES;
				CLANG_WARN_CONSTANT_CONVERSION = YES;
				CLANG_WARN_DEPRECATED_OBJC_IMPLEMENTATIONS = YES;
				CLANG_WARN_DIRECT_OBJC_ISA_USAGE = YES_ERROR;
				CLANG_WARN_DOCUMENTATION_COMMENTS = YES;
				CLANG_WARN_EMPTY_BODY = YES;
				CLANG_WARN_ENUM_CONVERSION = YES;
				CLANG_WARN_INFINITE_RECURSION = YES;
				CLANG_WARN_INT_CONVERSION = YES;
				CLANG_WARN_NON_LITERAL_NULL_CONVERSION = YES;
				CLANG_WARN_OBJC_IMPLICIT_RETAIN_SELF = YES;
				CLANG_WARN_OBJC_LITERAL_CONVERSION = YES;
				CLANG_WARN_OBJC_ROOT_CLASS = YES_ERROR;
				CLANG_WARN_QUOTED_INCLUDE_IN_FRAMEWORK_HEADER = YES;
				CLANG_WARN_RANGE_LOOP_ANALYSIS = YES;
				CLANG_WARN_STRICT_PROTOTYPES = YES;
				CLANG_WARN_SUSPICIOUS_MOVE = YES;
				CLANG_WARN_UNGUARDED_AVAILABILITY = YES_AGGRESSIVE;
				CLANG_WARN_UNREACHABLE_CODE = YES;
				CLANG_WARN__DUPLICATE_METHOD_MATCH = YES;
				COPY_PHASE_STRIP = NO;
				DEBUG_INFORMATION_FORMAT = dwarf;
				ENABLE_STRICT_OBJC_MSGSEND = YES;
				ENABLE_TESTABILITY = YES;
				ENABLE_USER_SCRIPT_SANDBOXING = YES;
				GCC_C_LANGUAGE_STANDARD = gnu17;
				GCC_DYNAMIC_NO_PIC = NO;
				GCC_NO_COMMON_BLOCKS = YES;
				GCC_OPTIMIZATION_LEVEL = 0;
				GCC_PREPROCESSOR_DEFINITIONS = (
					"DEBUG=1",
					"$(inherited)",
				);
				GCC_WARN_64_TO_32_BIT_CONVERSION = YES;
				GCC_WARN_ABOUT_RETURN_TYPE = YES_ERROR;
				GCC_WARN_UNDECLARED_SELECTOR = YES;
				GCC_WARN_UNINITIALIZED_AUTOS = YES_AGGRESSIVE;
				GCC_WARN_UNUSED_FUNCTION = YES;
				GCC_WARN_UNUSED_VARIABLE = YES;
				IPHONEOS_DEPLOYMENT_TARGET = 17.5;
				LOCALIZATION_PREFERS_STRING_CATALOGS = YES;
				MTL_ENABLE_DEBUG_INFO = INCLUDE_SOURCE;
				MTL_FAST_MATH = YES;
				ONLY_ACTIVE_ARCH = YES;
				SDKROOT = iphoneos;
				SWIFT_ACTIVE_COMPILATION_CONDITIONS = "DEBUG $(inherited)";
				SWIFT_OPTIMIZATION_LEVEL = "-Onone";
			};
			name = Debug;
		};
		3E8E5A5F2E27E5F200AA0653 /* Release */ = {
			isa = XCBuildConfiguration;
			buildSettings = {
				ALWAYS_SEARCH_USER_PATHS = NO;
				ASSETCATALOG_COMPILER_GENERATE_SWIFT_ASSET_SYMBOL_EXTENSIONS = YES;
				CLANG_ANALYZER_NONNULL = YES;
				CLANG_ANALYZER_NUMBER_OBJECT_CONVERSION = YES_AGGRESSIVE;
				CLANG_CXX_LANGUAGE_STANDARD = "gnu++20";
				CLANG_ENABLE_MODULES = YES;
				CLANG_ENABLE_OBJC_ARC = YES;
				CLANG_ENABLE_OBJC_WEAK = YES;
				CLANG_WARN_BLOCK_CAPTURE_AUTORELEASING = YES;
				CLANG_WARN_BOOL_CONVERSION = YES;
				CLANG_WARN_COMMA = YES;
				CLANG_WARN_CONSTANT_CONVERSION = YES;
				CLANG_WARN_DEPRECATED_OBJC_IMPLEMENTATIONS = YES;
				CLANG_WARN_DIRECT_OBJC_ISA_USAGE = YES_ERROR;
				CLANG_WARN_DOCUMENTATION_COMMENTS = YES;
				CLANG_WARN_EMPTY_BODY = YES;
				CLANG_WARN_ENUM_CONVERSION = YES;
				CLANG_WARN_INFINITE_RECURSION = YES;
				CLANG_WARN_INT_CONVERSION = YES;
				CLANG_WARN_NON_LITERAL_NULL_CONVERSION = YES;
				CLANG_WARN_OBJC_IMPLICIT_RETAIN_SELF = YES;
				CLANG_WARN_OBJC_LITERAL_CONVERSION = YES;
				CLANG_WARN_OBJC_ROOT_CLASS = YES_ERROR;
				CLANG_WARN_QUOTED_INCLUDE_IN_FRAMEWORK_HEADER = YES;
				CLANG_WARN_RANGE_LOOP_ANALYSIS = YES;
				CLANG_WARN_STRICT_PROTOTYPES = YES;
				CLANG_WARN_SUSPICIOUS_MOVE = YES;
				CLANG_WARN_UNGUARDED_AVAILABILITY = YES_AGGRESSIVE;
				CLANG_WARN_UNREACHABLE_CODE = YES;
				CLANG_WARN__DUPLICATE_METHOD_MATCH = YES;
				COPY_PHASE_STRIP = NO;
				DEBUG_INFORMATION_FORMAT = "dwarf-with-dsym";
				ENABLE_NS_ASSERTIONS = NO;
				ENABLE_STRICT_OBJC_MSGSEND = YES;
				ENABLE_USER_SCRIPT_SANDBOXING = YES;
				GCC_C_LANGUAGE_STANDARD = gnu17;
				GCC_NO_COMMON_BLOCKS = YES;
				GCC_WARN_64_TO_32_BIT_CONVERSION = YES;
				GCC_WARN_ABOUT_RETURN_TYPE = YES_ERROR;
				GCC_WARN_UNDECLARED_SELECTOR = YES;
				GCC_WARN_UNINITIALIZED_AUTOS = YES_AGGRESSIVE;
				GCC_WARN_UNUSED_FUNCTION = YES;
				GCC_WARN_UNUSED_VARIABLE = YES;
				IPHONEOS_DEPLOYMENT_TARGET = 17.5;
				LOCALIZATION_PREFERS_STRING_CATALOGS = YES;
				MTL_ENABLE_DEBUG_INFO = NO;
				MTL_FAST_MATH = YES;
				SDKROOT = iphoneos;
				SWIFT_COMPILATION_MODE = wholemodule;
				VALIDATE_PRODUCT = YES;
			};
			name = Release;
		};
		3E8E5A612E27E5F200AA0653 /* Debug */ = {
			isa = XCBuildConfiguration;
			buildSettings = {
				ASSETCATALOG_COMPILER_APPICON_NAME = DoItIcon;
				ASSETCATALOG_COMPILER_GLOBAL_ACCENT_COLOR_NAME = AccentColor;
				CODE_SIGN_STYLE = Automatic;
				CURRENT_PROJECT_VERSION = 1;
				DEVELOPMENT_ASSET_PATHS = "\"TodoListApp/Preview Content\"";
				ENABLE_PREVIEWS = YES;
				GENERATE_INFOPLIST_FILE = YES;
				INFOPLIST_KEY_CFBundleDisplayName = "Do It";
				INFOPLIST_KEY_LSApplicationCategoryType = "public.app-category.productivity";
				INFOPLIST_KEY_UIApplicationSceneManifest_Generation = YES;
				INFOPLIST_KEY_UIApplicationSupportsIndirectInputEvents = YES;
				INFOPLIST_KEY_UILaunchScreen_Generation = YES;
				INFOPLIST_KEY_UILaunchStoryboardName = LaunchScreen.storyboard;
				INFOPLIST_KEY_UISupportedInterfaceOrientations_iPad = "UIInterfaceOrientationPortrait UIInterfaceOrientationPortraitUpsideDown UIInterfaceOrientationLandscapeLeft UIInterfaceOrientationLandscapeRight";
				INFOPLIST_KEY_UISupportedInterfaceOrientations_iPhone = "UIInterfaceOrientationPortrait UIInterfaceOrientationLandscapeLeft UIInterfaceOrientationLandscapeRight";
				LD_RUNPATH_SEARCH_PATHS = (
					"$(inherited)",
					"@executable_path/Frameworks",
				);
				MARKETING_VERSION = 1.0;
				PRODUCT_BUNDLE_IDENTIFIER = GabrielParas.TodoListApp;
				PRODUCT_NAME = "$(TARGET_NAME)";
				SWIFT_EMIT_LOC_STRINGS = YES;
				SWIFT_VERSION = 5.0;
				TARGETED_DEVICE_FAMILY = "1,2";
			};
			name = Debug;
		};
		3E8E5A622E27E5F200AA0653 /* Release */ = {
			isa = XCBuildConfiguration;
			buildSettings = {
				ASSETCATALOG_COMPILER_APPICON_NAME = DoItIcon;
				ASSETCATALOG_COMPILER_GLOBAL_ACCENT_COLOR_NAME = AccentColor;
				CODE_SIGN_STYLE = Automatic;
				CURRENT_PROJECT_VERSION = 1;
				DEVELOPMENT_ASSET_PATHS = "\"TodoListApp/Preview Content\"";
				ENABLE_PREVIEWS = YES;
				GENERATE_INFOPLIST_FILE = YES;
				INFOPLIST_KEY_CFBundleDisplayName = "Do It";
				INFOPLIST_KEY_LSApplicationCategoryType = "public.app-category.productivity";
				INFOPLIST_KEY_UIApplicationSceneManifest_Generation = YES;
				INFOPLIST_KEY_UIApplicationSupportsIndirectInputEvents = YES;
				INFOPLIST_KEY_UILaunchScreen_Generation = YES;
				INFOPLIST_KEY_UILaunchStoryboardName = LaunchScreen.storyboard;
				INFOPLIST_KEY_UISupportedInterfaceOrientations_iPad = "UIInterfaceOrientationPortrait UIInterfaceOrientationPortraitUpsideDown UIInterfaceOrientationLandscapeLeft UIInterfaceOrientationLandscapeRight";
				INFOPLIST_KEY_UISupportedInterfaceOrientations_iPhone = "UIInterfaceOrientationPortrait UIInterfaceOrientationLandscapeLeft UIInterfaceOrientationLandscapeRight";
				LD_RUNPATH_SEARCH_PATHS = (
					"$(inherited)",
					"@executable_path/Frameworks",
				);
				MARKETING_VERSION = 1.0;
				PRODUCT_BUNDLE_IDENTIFIER = GabrielParas.TodoListApp;
				PRODUCT_NAME = "$(TARGET_NAME)";
				SWIFT_EMIT_LOC_STRINGS = YES;
				SWIFT_VERSION = 5.0;
				TARGETED_DEVICE_FAMILY = "1,2";
			};
			name = Release;
		};
		3E8E5A642E27E5F200AA0653 /* Debug */ = {
			isa = XCBuildConfiguration;
			buildSettings = {
				ALWAYS_EMBED_SWIFT_STANDARD_LIBRARIES = YES;
				BUNDLE_LOADER = "$(TEST_HOST)";
				CODE_SIGN_STYLE = Automatic;
				CURRENT_PROJECT_VERSION = 1;
				GENERATE_INFOPLIST_FILE = YES;
				IPHONEOS_DEPLOYMENT_TARGET = 17.5;
				MARKETING_VERSION = 1.0;
				PRODUCT_BUNDLE_IDENTIFIER = GabrielParas.TodoListAppTests;
				PRODUCT_NAME = "$(TARGET_NAME)";
				SWIFT_EMIT_LOC_STRINGS = NO;
				SWIFT_VERSION = 5.0;
				TARGETED_DEVICE_FAMILY = "1,2";
				TEST_HOST = "$(BUILT_PRODUCTS_DIR)/TodoListApp.app/$(BUNDLE_EXECUTABLE_FOLDER_PATH)/TodoListApp";
			};
			name = Debug;
		};
		3E8E5A652E27E5F200AA0653 /* Release */ = {
			isa = XCBuildConfiguration;
			buildSettings = {
				ALWAYS_EMBED_SWIFT_STANDARD_LIBRARIES = YES;
				BUNDLE_LOADER = "$(TEST_HOST)";
				CODE_SIGN_STYLE = Automatic;
				CURRENT_PROJECT_VERSION = 1;
				GENERATE_INFOPLIST_FILE = YES;
				IPHONEOS_DEPLOYMENT_TARGET = 17.5;
				MARKETING_VERSION = 1.0;
				PRODUCT_BUNDLE_IDENTIFIER = GabrielParas.TodoListAppTests;
				PRODUCT_NAME = "$(TARGET_NAME)";
				SWIFT_EMIT_LOC_STRINGS = NO;
				SWIFT_VERSION = 5.0;
				TARGETED_DEVICE_FAMILY = "1,2";
				TEST_HOST = "$(BUILT_PRODUCTS_DIR)/TodoListApp.app/$(BUNDLE_EXECUTABLE_FOLDER_PATH)/TodoListApp";
			};
			name = Release;
		};
		3E8E5A672E27E5F200AA0653 /* Debug */ = {
			isa = XCBuildConfiguration;
			buildSettings = {
				ALWAYS_EMBED_SWIFT_STANDARD_LIBRARIES = YES;
				CODE_SIGN_STYLE = Automatic;
				CURRENT_PROJECT_VERSION = 1;
				GENERATE_INFOPLIST_FILE = YES;
				MARKETING_VERSION = 1.0;
				PRODUCT_BUNDLE_IDENTIFIER = GabrielParas.TodoListAppUITests;
				PRODUCT_NAME = "$(TARGET_NAME)";
				SWIFT_EMIT_LOC_STRINGS = NO;
				SWIFT_VERSION = 5.0;
				TARGETED_DEVICE_FAMILY = "1,2";
				TEST_TARGET_NAME = TodoListApp;
			};
			name = Debug;
		};
		3E8E5A682E27E5F200AA0653 /* Release */ = {
			isa = XCBuildConfiguration;
			buildSettings = {
				ALWAYS_EMBED_SWIFT_STANDARD_LIBRARIES = YES;
				CODE_SIGN_STYLE = Automatic;
				CURRENT_PROJECT_VERSION = 1;
				GENERATE_INFOPLIST_FILE = YES;
				MARKETING_VERSION = 1.0;
				PRODUCT_BUNDLE_IDENTIFIER = GabrielParas.TodoListAppUITests;
				PRODUCT_NAME = "$(TARGET_NAME)";
				SWIFT_EMIT_LOC_STRINGS = NO;
				SWIFT_VERSION = 5.0;
				TARGETED_DEVICE_FAMILY = "1,2";
				TEST_TARGET_NAME = TodoListApp;
			};
			name = Release;
		};
/* End XCBuildConfiguration section */

/* Begin XCConfigurationList section */
		3E8E5A372E27E5EE00AA0653 /* Build configuration list for PBXProject "TodoListApp" */ = {
			isa = XCConfigurationList;
			buildConfigurations = (
				3E8E5A5E2E27E5F200AA0653 /* Debug */,
				3E8E5A5F2E27E5F200AA0653 /* Release */,
			);
			defaultConfigurationIsVisible = 0;
			defaultConfigurationName = Release;
		};
		3E8E5A602E27E5F200AA0653 /* Build configuration list for PBXNativeTarget "TodoListApp" */ = {
			isa = XCConfigurationList;
			buildConfigurations = (
				3E8E5A612E27E5F200AA0653 /* Debug */,
				3E8E5A622E27E5F200AA0653 /* Release */,
			);
			defaultConfigurationIsVisible = 0;
			defaultConfigurationName = Release;
		};
		3E8E5A632E27E5F200AA0653 /* Build configuration list for PBXNativeTarget "TodoListAppTests" */ = {
			isa = XCConfigurationList;
			buildConfigurations = (
				3E8E5A642E27E5F200AA0653 /* Debug */,
				3E8E5A652E27E5F200AA0653 /* Release */,
			);
			defaultConfigurationIsVisible = 0;
			defaultConfigurationName = Release;
		};
		3E8E5A662E27E5F200AA0653 /* Build configuration list for PBXNativeTarget "TodoListAppUITests" */ = {
			isa = XCConfigurationList;
			buildConfigurations = (
				3E8E5A672E27E5F200AA0653 /* Debug */,
				3E8E5A682E27E5F200AA0653 /* Release */,
			);
			defaultConfigurationIsVisible = 0;
			defaultConfigurationName = Release;
		};
/* End XCConfigurationList section */
	};
	rootObject = 3E8E5A342E27E5EE00AA0653 /* Project object */;
}
